
Microsoft Visual Studio Solution File, Format Version 12.00
# Visual Studio 14
VisualStudioVersion = 14.0.25123.0
MinimumVisualStudioVersion = 10.0.40219.1
Project("{FAE04EC0-301F-11D3-BF4B-00C04F79EFBC}") = "CryptoDLL", "CryptoDLL\CryptoDLL.csproj", "{B6BF6401-9DF4-43FA-AC10-02DA9C21D3C0}"
EndProject
Project("{E24C65DC-7377-472B-9ABA-BC803B73C61A}") = "UserControl(1)", "UserControl\", "{BD671D2D-CBEB-4266-9F69-705BA516AD68}"
	ProjectSection(WebsiteProperties) = preProject
		TargetFrameworkMoniker = ".NETFramework,Version%3Dv4.5.2"
		ProjectReferences = "{b6bf6401-9df4-43fa-ac10-02da9c21d3c0}|CryptoDLL.dll;"
		Debug.AspNetCompiler.VirtualPath = "/localhost_51056"
		Debug.AspNetCompiler.PhysicalPath = "UserControl\"
		Debug.AspNetCompiler.TargetPath = "PrecompiledWeb\localhost_51056\"
		Debug.AspNetCompiler.Updateable = "true"
		Debug.AspNetCompiler.ForceOverwrite = "true"
		Debug.AspNetCompiler.FixedNames = "false"
		Debug.AspNetCompiler.Debug = "True"
		Release.AspNetCompiler.VirtualPath = "/localhost_51056"
		Release.AspNetCompiler.PhysicalPath = "UserControl\"
		Release.AspNetCompiler.TargetPath = "PrecompiledWeb\localhost_51056\"
		Release.AspNetCompiler.Updateable = "true"
		Release.AspNetCompiler.ForceOverwrite = "true"
		Release.AspNetCompiler.FixedNames = "false"
		Release.AspNetCompiler.Debug = "False"
		VWDPort = "51056"
		SlnRelativePath = "UserControl\"
		DefaultWebSiteLanguage = "Visual C#"
	EndProjectSection
EndProject
Project("{E24C65DC-7377-472B-9ABA-BC803B73C61A}") = "UserControlTryIt", "UserControlTryIt\", "{6AE5E2B1-4091-488F-A1DD-47AE5795541C}"
	ProjectSection(WebsiteProperties) = preProject
		TargetFrameworkMoniker = ".NETFramework,Version%3Dv4.5.2"
		Debug.AspNetCompiler.VirtualPath = "/localhost_51211"
		Debug.AspNetCompiler.PhysicalPath = "UserControlTryIt\"
		Debug.AspNetCompiler.TargetPath = "PrecompiledWeb\localhost_51211\"
		Debug.AspNetCompiler.Updateable = "true"
		Debug.AspNetCompiler.ForceOverwrite = "true"
		Debug.AspNetCompiler.FixedNames = "false"
		Debug.AspNetCompiler.Debug = "True"
		Release.AspNetCompiler.VirtualPath = "/localhost_51211"
		Release.AspNetCompiler.PhysicalPath = "UserControlTryIt\"
		Release.AspNetCompiler.TargetPath = "PrecompiledWeb\localhost_51211\"
		Release.AspNetCompiler.Updateable = "true"
		Release.AspNetCompiler.ForceOverwrite = "true"
		Release.AspNetCompiler.FixedNames = "false"
		Release.AspNetCompiler.Debug = "False"
		VWDPort = "51211"
		SlnRelativePath = "UserControlTryIt\"
		DefaultWebSiteLanguage = "Visual C#"
	EndProjectSection
	ProjectSection(ProjectDependencies) = postProject
		{28F55A0C-72F5-40E2-A131-4261FEB17402} = {28F55A0C-72F5-40E2-A131-4261FEB17402}
		{ED9B1811-D82B-4FA1-89AF-67E9CE84E51B} = {ED9B1811-D82B-4FA1-89AF-67E9CE84E51B}
		{BD671D2D-CBEB-4266-9F69-705BA516AD68} = {BD671D2D-CBEB-4266-9F69-705BA516AD68}
	EndProjectSection
EndProject
Project("{E24C65DC-7377-472B-9ABA-BC803B73C61A}") = "AirlineSVC", "AirlineSVC\", "{ED9B1811-D82B-4FA1-89AF-67E9CE84E51B}"
	ProjectSection(WebsiteProperties) = preProject
		TargetFrameworkMoniker = ".NETFramework,Version%3Dv4.5.2"
		Debug.AspNetCompiler.VirtualPath = "/localhost_53906"
		Debug.AspNetCompiler.PhysicalPath = "AirlineSVC\"
		Debug.AspNetCompiler.TargetPath = "PrecompiledWeb\localhost_53906\"
		Debug.AspNetCompiler.Updateable = "true"
		Debug.AspNetCompiler.ForceOverwrite = "true"
		Debug.AspNetCompiler.FixedNames = "false"
		Debug.AspNetCompiler.Debug = "True"
		Release.AspNetCompiler.VirtualPath = "/localhost_53906"
		Release.AspNetCompiler.PhysicalPath = "AirlineSVC\"
		Release.AspNetCompiler.TargetPath = "PrecompiledWeb\localhost_53906\"
		Release.AspNetCompiler.Updateable = "true"
		Release.AspNetCompiler.ForceOverwrite = "true"
		Release.AspNetCompiler.FixedNames = "false"
		Release.AspNetCompiler.Debug = "False"
		VWDPort = "53906"
		SlnRelativePath = "AirlineSVC\"
		DefaultWebSiteLanguage = "Visual C#"
	EndProjectSection
EndProject
Project("{FAE04EC0-301F-11D3-BF4B-00C04F79EFBC}") = "AirlineService", "AirlineService\AirlineService.csproj", "{28F55A0C-72F5-40E2-A131-4261FEB17402}"
EndProject
Global
	GlobalSection(SolutionConfigurationPlatforms) = preSolution
		Debug|Any CPU = Debug|Any CPU
		Release|Any CPU = Release|Any CPU
	EndGlobalSection
	GlobalSection(ProjectConfigurationPlatforms) = postSolution
		{B6BF6401-9DF4-43FA-AC10-02DA9C21D3C0}.Debug|Any CPU.ActiveCfg = Debug|Any CPU
		{B6BF6401-9DF4-43FA-AC10-02DA9C21D3C0}.Debug|Any CPU.Build.0 = Debug|Any CPU
		{B6BF6401-9DF4-43FA-AC10-02DA9C21D3C0}.Release|Any CPU.ActiveCfg = Release|Any CPU
		{B6BF6401-9DF4-43FA-AC10-02DA9C21D3C0}.Release|Any CPU.Build.0 = Release|Any CPU
		{BD671D2D-CBEB-4266-9F69-705BA516AD68}.Debug|Any CPU.ActiveCfg = Debug|Any CPU
		{BD671D2D-CBEB-4266-9F69-705BA516AD68}.Debug|Any CPU.Build.0 = Debug|Any CPU
		{BD671D2D-CBEB-4266-9F69-705BA516AD68}.Release|Any CPU.ActiveCfg = Debug|Any CPU
		{BD671D2D-CBEB-4266-9F69-705BA516AD68}.Release|Any CPU.Build.0 = Debug|Any CPU
		{6AE5E2B1-4091-488F-A1DD-47AE5795541C}.Debug|Any CPU.ActiveCfg = Debug|Any CPU
		{6AE5E2B1-4091-488F-A1DD-47AE5795541C}.Debug|Any CPU.Build.0 = Debug|Any CPU
		{6AE5E2B1-4091-488F-A1DD-47AE5795541C}.Release|Any CPU.ActiveCfg = Debug|Any CPU
		{6AE5E2B1-4091-488F-A1DD-47AE5795541C}.Release|Any CPU.Build.0 = Debug|Any CPU
		{ED9B1811-D82B-4FA1-89AF-67E9CE84E51B}.Debug|Any CPU.ActiveCfg = Debug|Any CPU
		{ED9B1811-D82B-4FA1-89AF-67E9CE84E51B}.Debug|Any CPU.Build.0 = Debug|Any CPU
		{ED9B1811-D82B-4FA1-89AF-67E9CE84E51B}.Release|Any CPU.ActiveCfg = Debug|Any CPU
		{ED9B1811-D82B-4FA1-89AF-67E9CE84E51B}.Release|Any CPU.Build.0 = Debug|Any CPU
		{28F55A0C-72F5-40E2-A131-4261FEB17402}.Debug|Any CPU.ActiveCfg = Debug|Any CPU
		{28F55A0C-72F5-40E2-A131-4261FEB17402}.Debug|Any CPU.Build.0 = Debug|Any CPU
		{28F55A0C-72F5-40E2-A131-4261FEB17402}.Release|Any CPU.ActiveCfg = Release|Any CPU
		{28F55A0C-72F5-40E2-A131-4261FEB17402}.Release|Any CPU.Build.0 = Release|Any CPU
	EndGlobalSection
	GlobalSection(SolutionProperties) = preSolution
		HideSolutionNode = FALSE
	EndGlobalSection
EndGlobal
